
Microsoft Visual Studio Solution File, Format Version 12.00
# Visual Studio Version 16
VisualStudioVersion = 16.0.30114.105
MinimumVisualStudioVersion = 10.0.40219.1
Project("{FAE04EC0-301F-11D3-BF4B-00C04F79EFBC}") = "ProEventos.Application", "ProEventos.Application\ProEventos.Application.csproj", "{FE440527-F152-4B8F-91A2-79D80F877C07}"
EndProject
Project("{FAE04EC0-301F-11D3-BF4B-00C04F79EFBC}") = "ProEventos.Domain", "ProEventos.Domain\ProEventos.Domain.csproj", "{C81CD1D0-9A9F-4ECB-82B7-0EE134AD2D3B}"
EndProject
Project("{FAE04EC0-301F-11D3-BF4B-00C04F79EFBC}") = "ProEventos.API", "ProEventos.API\ProEventos.API.csproj", "{F7409E37-F9FE-4562-AA32-71FF822C06F8}"
EndProject
Project("{FAE04EC0-301F-11D3-BF4B-00C04F79EFBC}") = "ProEventos.Persistence", "ProEventos.Persistence\ProEventos.Persistence.csproj", "{F30D3C04-4A99-478D-9A06-B0534C405213}"
EndProject
Global
	GlobalSection(SolutionConfigurationPlatforms) = preSolution
		Debug|Any CPU = Debug|Any CPU
		Debug|x64 = Debug|x64
		Debug|x86 = Debug|x86
		Release|Any CPU = Release|Any CPU
		Release|x64 = Release|x64
		Release|x86 = Release|x86
	EndGlobalSection
	GlobalSection(SolutionProperties) = preSolution
		HideSolutionNode = FALSE
	EndGlobalSection
	GlobalSection(ProjectConfigurationPlatforms) = postSolution
		{FE440527-F152-4B8F-91A2-79D80F877C07}.Debug|Any CPU.ActiveCfg = Debug|Any CPU
		{FE440527-F152-4B8F-91A2-79D80F877C07}.Debug|Any CPU.Build.0 = Debug|Any CPU
		{FE440527-F152-4B8F-91A2-79D80F877C07}.Debug|x64.ActiveCfg = Debug|Any CPU
		{FE440527-F152-4B8F-91A2-79D80F877C07}.Debug|x64.Build.0 = Debug|Any CPU
		{FE440527-F152-4B8F-91A2-79D80F877C07}.Debug|x86.ActiveCfg = Debug|Any CPU
		{FE440527-F152-4B8F-91A2-79D80F877C07}.Debug|x86.Build.0 = Debug|Any CPU
		{FE440527-F152-4B8F-91A2-79D80F877C07}.Release|Any CPU.ActiveCfg = Release|Any CPU
		{FE440527-F152-4B8F-91A2-79D80F877C07}.Release|Any CPU.Build.0 = Release|Any CPU
		{FE440527-F152-4B8F-91A2-79D80F877C07}.Release|x64.ActiveCfg = Release|Any CPU
		{FE440527-F152-4B8F-91A2-79D80F877C07}.Release|x64.Build.0 = Release|Any CPU
		{FE440527-F152-4B8F-91A2-79D80F877C07}.Release|x86.ActiveCfg = Release|Any CPU
		{FE440527-F152-4B8F-91A2-79D80F877C07}.Release|x86.Build.0 = Release|Any CPU
		{C81CD1D0-9A9F-4ECB-82B7-0EE134AD2D3B}.Debug|Any CPU.ActiveCfg = Debug|Any CPU
		{C81CD1D0-9A9F-4ECB-82B7-0EE134AD2D3B}.Debug|Any CPU.Build.0 = Debug|Any CPU
		{C81CD1D0-9A9F-4ECB-82B7-0EE134AD2D3B}.Debug|x64.ActiveCfg = Debug|Any CPU
		{C81CD1D0-9A9F-4ECB-82B7-0EE134AD2D3B}.Debug|x64.Build.0 = Debug|Any CPU
		{C81CD1D0-9A9F-4ECB-82B7-0EE134AD2D3B}.Debug|x86.ActiveCfg = Debug|Any CPU
		{C81CD1D0-9A9F-4ECB-82B7-0EE134AD2D3B}.Debug|x86.Build.0 = Debug|Any CPU
		{C81CD1D0-9A9F-4ECB-82B7-0EE134AD2D3B}.Release|Any CPU.ActiveCfg = Release|Any CPU
		{C81CD1D0-9A9F-4ECB-82B7-0EE134AD2D3B}.Release|Any CPU.Build.0 = Release|Any CPU
		{C81CD1D0-9A9F-4ECB-82B7-0EE134AD2D3B}.Release|x64.ActiveCfg = Release|Any CPU
		{C81CD1D0-9A9F-4ECB-82B7-0EE134AD2D3B}.Release|x64.Build.0 = Release|Any CPU
		{C81CD1D0-9A9F-4ECB-82B7-0EE134AD2D3B}.Release|x86.ActiveCfg = Release|Any CPU
		{C81CD1D0-9A9F-4ECB-82B7-0EE134AD2D3B}.Release|x86.Build.0 = Release|Any CPU
		{F7409E37-F9FE-4562-AA32-71FF822C06F8}.Debug|Any CPU.ActiveCfg = Debug|Any CPU
		{F7409E37-F9FE-4562-AA32-71FF822C06F8}.Debug|Any CPU.Build.0 = Debug|Any CPU
		{F7409E37-F9FE-4562-AA32-71FF822C06F8}.Debug|x64.ActiveCfg = Debug|Any CPU
		{F7409E37-F9FE-4562-AA32-71FF822C06F8}.Debug|x64.Build.0 = Debug|Any CPU
		{F7409E37-F9FE-4562-AA32-71FF822C06F8}.Debug|x86.ActiveCfg = Debug|Any CPU
		{F7409E37-F9FE-4562-AA32-71FF822C06F8}.Debug|x86.Build.0 = Debug|Any CPU
		{F7409E37-F9FE-4562-AA32-71FF822C06F8}.Release|Any CPU.ActiveCfg = Release|Any CPU
		{F7409E37-F9FE-4562-AA32-71FF822C06F8}.Release|Any CPU.Build.0 = Release|Any CPU
		{F7409E37-F9FE-4562-AA32-71FF822C06F8}.Release|x64.ActiveCfg = Release|Any CPU
		{F7409E37-F9FE-4562-AA32-71FF822C06F8}.Release|x64.Build.0 = Release|Any CPU
		{F7409E37-F9FE-4562-AA32-71FF822C06F8}.Release|x86.ActiveCfg = Release|Any CPU
		{F7409E37-F9FE-4562-AA32-71FF822C06F8}.Release|x86.Build.0 = Release|Any CPU
		{F30D3C04-4A99-478D-9A06-B0534C405213}.Debug|Any CPU.ActiveCfg = Debug|Any CPU
		{F30D3C04-4A99-478D-9A06-B0534C405213}.Debug|Any CPU.Build.0 = Debug|Any CPU
		{F30D3C04-4A99-478D-9A06-B0534C405213}.Debug|x64.ActiveCfg = Debug|Any CPU
		{F30D3C04-4A99-478D-9A06-B0534C405213}.Debug|x64.Build.0 = Debug|Any CPU
		{F30D3C04-4A99-478D-9A06-B0534C405213}.Debug|x86.ActiveCfg = Debug|Any CPU
		{F30D3C04-4A99-478D-9A06-B0534C405213}.Debug|x86.Build.0 = Debug|Any CPU
		{F30D3C04-4A99-478D-9A06-B0534C405213}.Release|Any CPU.ActiveCfg = Release|Any CPU
		{F30D3C04-4A99-478D-9A06-B0534C405213}.Release|Any CPU.Build.0 = Release|Any CPU
		{F30D3C04-4A99-478D-9A06-B0534C405213}.Release|x64.ActiveCfg = Release|Any CPU
		{F30D3C04-4A99-478D-9A06-B0534C405213}.Release|x64.Build.0 = Release|Any CPU
		{F30D3C04-4A99-478D-9A06-B0534C405213}.Release|x86.ActiveCfg = Release|Any CPU
		{F30D3C04-4A99-478D-9A06-B0534C405213}.Release|x86.Build.0 = Release|Any CPU
	EndGlobalSection
EndGlobal
